
Microsoft Visual Studio Solution File, Format Version 12.00
# Visual Studio 15
Project("{2150E333-8FDC-42A3-9474-1A3956D46DE8}") = "DAL", "DAL", "{5E95A6E4-610B-481F-8AE0-932224E8F436}"
EndProject
Project("{2150E333-8FDC-42A3-9474-1A3956D46DE8}") = "Connectors", "Connectors", "{62CB41AF-42B6-405D-9E64-B29B0D197A54}"
EndProject
Project("{2150E333-8FDC-42A3-9474-1A3956D46DE8}") = "_shared", "_shared", "{A0396DC8-C7BC-4D1D-9BC6-8CF3594BAD7A}"
	ProjectSection(SolutionItems) = preProject
		shared\sharedSettings.json = shared\sharedSettings.json
		shared\shared.csproj.props = shared\shared.csproj.props
		shared\deps.csproj.props = shared\deps.csproj.props
		shared\firdaws.props = shared\firdaws.props
		shared\firdawsCore.props = shared\firdawsCore.props
		shared\firdawsDAL.props = shared\firdawsDAL.props
	EndProjectSection
EndProject
Project("{FAE04EC0-301F-11D3-BF4B-00C04F79EFBC}") = "Firdaws.Core", "..\firdaws\Firdaws.Core\Firdaws.Core.csproj", "{3C9203E9-C46A-4200-A72D-937408349313}"
EndProject
Project("{2150E333-8FDC-42A3-9474-1A3956D46DE8}") = "Firdaws", "Firdaws", "{2FE7A3EE-DCB1-4A4E-A626-898D518BAD53}"
EndProject
Project("{FAE04EC0-301F-11D3-BF4B-00C04F79EFBC}") = "Firdaws.DAL", "..\firdaws\Firdaws.DAL\Firdaws.DAL.csproj", "{AA82088D-B165-414D-B19D-A9BCAE433C3A}"
EndProject
Project("{FAE04EC0-301F-11D3-BF4B-00C04F79EFBC}") = "API", "src\API\API.csproj", "{368C12CB-4E7E-40F5-B7EF-35F63B123862}"
EndProject
Project("{FAE04EC0-301F-11D3-BF4B-00C04F79EFBC}") = "OrganizationModel", "src\DAL\OrganizationModel\OrganizationModel.csproj", "{92F6BEEC-DFF8-4649-87D9-C0C91FED33EF}"
EndProject
Project("{FAE04EC0-301F-11D3-BF4B-00C04F79EFBC}") = "CatalogModel", "src\DAL\CatalogModel\CatalogModel.csproj", "{9F2A9189-7D01-4120-93D3-D21B39D4D409}"
EndProject
Project("{FAE04EC0-301F-11D3-BF4B-00C04F79EFBC}") = "Seeder", "src\DAL\Seeder\Seeder.csproj", "{DBAD9992-F3D4-40A3-93BE-EEE52C9B21E4}"
EndProject
Project("{FAE04EC0-301F-11D3-BF4B-00C04F79EFBC}") = "Connectors.Common", "src\Connectors\Connectors.Common\Connectors.Common.csproj", "{D27B768F-8D46-476D-B5C9-76064D2A3F7F}"
EndProject
Project("{FAE04EC0-301F-11D3-BF4B-00C04F79EFBC}") = "Connectors.Atlassian", "src\Connectors\Connectors.Atlassian\Connectors.Atlassian.csproj", "{14BE51C4-B651-414D-A80F-33B8484F09CA}"
EndProject
Project("{FAE04EC0-301F-11D3-BF4B-00C04F79EFBC}") = "Connectors.Atlassian.Jira", "src\Connectors\Connectors.Atlassian.Jira\Connectors.Atlassian.Jira.csproj", "{40E28A05-C109-4611-99C1-6C1FE1DCED39}"
EndProject
Project("{FAE04EC0-301F-11D3-BF4B-00C04F79EFBC}") = "Connectors.App", "src\Connectors\Connectors.App\Connectors.App.csproj", "{8117DA5E-A8CF-4F8D-8209-302A41FCAFD6}"
EndProject
Project("{FAE04EC0-301F-11D3-BF4B-00C04F79EFBC}") = "Auth", "src\Auth\Auth.csproj", "{8F82F914-FBA7-46ED-A847-7B0B990878B0}"
EndProject
Project("{FAE04EC0-301F-11D3-BF4B-00C04F79EFBC}") = "Mailer", "src\Mailer\Mailer.csproj", "{C1C687B9-C4A3-4048-B278-CD61F1349A93}"
EndProject
Project("{FAE04EC0-301F-11D3-BF4B-00C04F79EFBC}") = "Common", "src\Common\Common.csproj", "{6AFD8AED-8105-45EE-A3DC-DE24789B1F6C}"
EndProject
Project("{FAE04EC0-301F-11D3-BF4B-00C04F79EFBC}") = "Services", "src\Services\Services.csproj", "{B8BE4A21-BD39-4C82-A7A3-2B63E13A9373}"
EndProject
Project("{FAE04EC0-301F-11D3-BF4B-00C04F79EFBC}") = "ReportsTester", "src\ReportsTester\ReportsTester.csproj", "{0829AF23-4A5D-4A93-8085-01A5BF867A78}"
EndProject
Project("{FAE04EC0-301F-11D3-BF4B-00C04F79EFBC}") = "SyncServices", "src\SyncServices\SyncServices.csproj", "{F0F6700C-862D-490B-9853-1EAB9A4A4082}"
EndProject
Project("{FAE04EC0-301F-11D3-BF4B-00C04F79EFBC}") = "Imager", "src\Imager\Imager.csproj", "{2B2ED690-D4AA-442B-B4A7-C82A5C64DED0}"
EndProject
Project("{FAE04EC0-301F-11D3-BF4B-00C04F79EFBC}") = "Connectors.GitHub", "src\Connectors\Connectors.GitHub\Connectors.GitHub.csproj", "{CA29EE16-9E88-4B00-BE07-7881AF679E03}"
EndProject
Global
	GlobalSection(SolutionConfigurationPlatforms) = preSolution
		Debug|Any CPU = Debug|Any CPU
		Release|Any CPU = Release|Any CPU
	EndGlobalSection
	GlobalSection(ProjectConfigurationPlatforms) = postSolution
		{3C9203E9-C46A-4200-A72D-937408349313}.Debug|Any CPU.ActiveCfg = Debug|Any CPU
		{3C9203E9-C46A-4200-A72D-937408349313}.Debug|Any CPU.Build.0 = Debug|Any CPU
		{3C9203E9-C46A-4200-A72D-937408349313}.Release|Any CPU.ActiveCfg = Release|Any CPU
		{3C9203E9-C46A-4200-A72D-937408349313}.Release|Any CPU.Build.0 = Release|Any CPU
		{AA82088D-B165-414D-B19D-A9BCAE433C3A}.Debug|Any CPU.ActiveCfg = Debug|Any CPU
		{AA82088D-B165-414D-B19D-A9BCAE433C3A}.Debug|Any CPU.Build.0 = Debug|Any CPU
		{AA82088D-B165-414D-B19D-A9BCAE433C3A}.Release|Any CPU.ActiveCfg = Release|Any CPU
		{AA82088D-B165-414D-B19D-A9BCAE433C3A}.Release|Any CPU.Build.0 = Release|Any CPU
		{368C12CB-4E7E-40F5-B7EF-35F63B123862}.Debug|Any CPU.ActiveCfg = Debug|Any CPU
		{368C12CB-4E7E-40F5-B7EF-35F63B123862}.Debug|Any CPU.Build.0 = Debug|Any CPU
		{368C12CB-4E7E-40F5-B7EF-35F63B123862}.Release|Any CPU.ActiveCfg = Release|Any CPU
		{368C12CB-4E7E-40F5-B7EF-35F63B123862}.Release|Any CPU.Build.0 = Release|Any CPU
		{92F6BEEC-DFF8-4649-87D9-C0C91FED33EF}.Debug|Any CPU.ActiveCfg = Debug|Any CPU
		{92F6BEEC-DFF8-4649-87D9-C0C91FED33EF}.Debug|Any CPU.Build.0 = Debug|Any CPU
		{92F6BEEC-DFF8-4649-87D9-C0C91FED33EF}.Release|Any CPU.ActiveCfg = Release|Any CPU
		{92F6BEEC-DFF8-4649-87D9-C0C91FED33EF}.Release|Any CPU.Build.0 = Release|Any CPU
		{9F2A9189-7D01-4120-93D3-D21B39D4D409}.Debug|Any CPU.ActiveCfg = Debug|Any CPU
		{9F2A9189-7D01-4120-93D3-D21B39D4D409}.Debug|Any CPU.Build.0 = Debug|Any CPU
		{9F2A9189-7D01-4120-93D3-D21B39D4D409}.Release|Any CPU.ActiveCfg = Release|Any CPU
		{9F2A9189-7D01-4120-93D3-D21B39D4D409}.Release|Any CPU.Build.0 = Release|Any CPU
		{DBAD9992-F3D4-40A3-93BE-EEE52C9B21E4}.Debug|Any CPU.ActiveCfg = Debug|Any CPU
		{DBAD9992-F3D4-40A3-93BE-EEE52C9B21E4}.Debug|Any CPU.Build.0 = Debug|Any CPU
		{DBAD9992-F3D4-40A3-93BE-EEE52C9B21E4}.Release|Any CPU.ActiveCfg = Release|Any CPU
		{DBAD9992-F3D4-40A3-93BE-EEE52C9B21E4}.Release|Any CPU.Build.0 = Release|Any CPU
		{D27B768F-8D46-476D-B5C9-76064D2A3F7F}.Debug|Any CPU.ActiveCfg = Debug|Any CPU
		{D27B768F-8D46-476D-B5C9-76064D2A3F7F}.Debug|Any CPU.Build.0 = Debug|Any CPU
		{D27B768F-8D46-476D-B5C9-76064D2A3F7F}.Release|Any CPU.ActiveCfg = Release|Any CPU
		{D27B768F-8D46-476D-B5C9-76064D2A3F7F}.Release|Any CPU.Build.0 = Release|Any CPU
		{14BE51C4-B651-414D-A80F-33B8484F09CA}.Debug|Any CPU.ActiveCfg = Debug|Any CPU
		{14BE51C4-B651-414D-A80F-33B8484F09CA}.Debug|Any CPU.Build.0 = Debug|Any CPU
		{14BE51C4-B651-414D-A80F-33B8484F09CA}.Release|Any CPU.ActiveCfg = Release|Any CPU
		{14BE51C4-B651-414D-A80F-33B8484F09CA}.Release|Any CPU.Build.0 = Release|Any CPU
		{40E28A05-C109-4611-99C1-6C1FE1DCED39}.Debug|Any CPU.ActiveCfg = Debug|Any CPU
		{40E28A05-C109-4611-99C1-6C1FE1DCED39}.Debug|Any CPU.Build.0 = Debug|Any CPU
		{40E28A05-C109-4611-99C1-6C1FE1DCED39}.Release|Any CPU.ActiveCfg = Release|Any CPU
		{40E28A05-C109-4611-99C1-6C1FE1DCED39}.Release|Any CPU.Build.0 = Release|Any CPU
		{8117DA5E-A8CF-4F8D-8209-302A41FCAFD6}.Debug|Any CPU.ActiveCfg = Debug|Any CPU
		{8117DA5E-A8CF-4F8D-8209-302A41FCAFD6}.Debug|Any CPU.Build.0 = Debug|Any CPU
		{8117DA5E-A8CF-4F8D-8209-302A41FCAFD6}.Release|Any CPU.ActiveCfg = Release|Any CPU
		{8117DA5E-A8CF-4F8D-8209-302A41FCAFD6}.Release|Any CPU.Build.0 = Release|Any CPU
		{8F82F914-FBA7-46ED-A847-7B0B990878B0}.Debug|Any CPU.ActiveCfg = Debug|Any CPU
		{8F82F914-FBA7-46ED-A847-7B0B990878B0}.Debug|Any CPU.Build.0 = Debug|Any CPU
		{8F82F914-FBA7-46ED-A847-7B0B990878B0}.Release|Any CPU.ActiveCfg = Release|Any CPU
		{8F82F914-FBA7-46ED-A847-7B0B990878B0}.Release|Any CPU.Build.0 = Release|Any CPU
		{C1C687B9-C4A3-4048-B278-CD61F1349A93}.Debug|Any CPU.ActiveCfg = Debug|Any CPU
		{C1C687B9-C4A3-4048-B278-CD61F1349A93}.Debug|Any CPU.Build.0 = Debug|Any CPU
		{C1C687B9-C4A3-4048-B278-CD61F1349A93}.Release|Any CPU.ActiveCfg = Release|Any CPU
		{C1C687B9-C4A3-4048-B278-CD61F1349A93}.Release|Any CPU.Build.0 = Release|Any CPU
		{6AFD8AED-8105-45EE-A3DC-DE24789B1F6C}.Debug|Any CPU.ActiveCfg = Debug|Any CPU
		{6AFD8AED-8105-45EE-A3DC-DE24789B1F6C}.Debug|Any CPU.Build.0 = Debug|Any CPU
		{6AFD8AED-8105-45EE-A3DC-DE24789B1F6C}.Release|Any CPU.ActiveCfg = Release|Any CPU
		{6AFD8AED-8105-45EE-A3DC-DE24789B1F6C}.Release|Any CPU.Build.0 = Release|Any CPU
		{B8BE4A21-BD39-4C82-A7A3-2B63E13A9373}.Debug|Any CPU.ActiveCfg = Debug|Any CPU
		{B8BE4A21-BD39-4C82-A7A3-2B63E13A9373}.Debug|Any CPU.Build.0 = Debug|Any CPU
		{B8BE4A21-BD39-4C82-A7A3-2B63E13A9373}.Release|Any CPU.ActiveCfg = Release|Any CPU
		{B8BE4A21-BD39-4C82-A7A3-2B63E13A9373}.Release|Any CPU.Build.0 = Release|Any CPU
		{0829AF23-4A5D-4A93-8085-01A5BF867A78}.Debug|Any CPU.ActiveCfg = Debug|Any CPU
		{0829AF23-4A5D-4A93-8085-01A5BF867A78}.Debug|Any CPU.Build.0 = Debug|Any CPU
		{0829AF23-4A5D-4A93-8085-01A5BF867A78}.Release|Any CPU.ActiveCfg = Release|Any CPU
		{0829AF23-4A5D-4A93-8085-01A5BF867A78}.Release|Any CPU.Build.0 = Release|Any CPU
		{F0F6700C-862D-490B-9853-1EAB9A4A4082}.Debug|Any CPU.ActiveCfg = Debug|Any CPU
		{F0F6700C-862D-490B-9853-1EAB9A4A4082}.Debug|Any CPU.Build.0 = Debug|Any CPU
		{F0F6700C-862D-490B-9853-1EAB9A4A4082}.Release|Any CPU.ActiveCfg = Release|Any CPU
		{F0F6700C-862D-490B-9853-1EAB9A4A4082}.Release|Any CPU.Build.0 = Release|Any CPU
		{2B2ED690-D4AA-442B-B4A7-C82A5C64DED0}.Debug|Any CPU.ActiveCfg = Debug|Any CPU
		{2B2ED690-D4AA-442B-B4A7-C82A5C64DED0}.Debug|Any CPU.Build.0 = Debug|Any CPU
		{2B2ED690-D4AA-442B-B4A7-C82A5C64DED0}.Release|Any CPU.ActiveCfg = Release|Any CPU
		{2B2ED690-D4AA-442B-B4A7-C82A5C64DED0}.Release|Any CPU.Build.0 = Release|Any CPU
		{CA29EE16-9E88-4B00-BE07-7881AF679E03}.Debug|Any CPU.ActiveCfg = Debug|Any CPU
		{CA29EE16-9E88-4B00-BE07-7881AF679E03}.Debug|Any CPU.Build.0 = Debug|Any CPU
		{CA29EE16-9E88-4B00-BE07-7881AF679E03}.Release|Any CPU.ActiveCfg = Release|Any CPU
		{CA29EE16-9E88-4B00-BE07-7881AF679E03}.Release|Any CPU.Build.0 = Release|Any CPU
	EndGlobalSection
	GlobalSection(NestedProjects) = preSolution
		{3C9203E9-C46A-4200-A72D-937408349313} = {2FE7A3EE-DCB1-4A4E-A626-898D518BAD53}
		{AA82088D-B165-414D-B19D-A9BCAE433C3A} = {2FE7A3EE-DCB1-4A4E-A626-898D518BAD53}
		{92F6BEEC-DFF8-4649-87D9-C0C91FED33EF} = {5E95A6E4-610B-481F-8AE0-932224E8F436}
		{9F2A9189-7D01-4120-93D3-D21B39D4D409} = {5E95A6E4-610B-481F-8AE0-932224E8F436}
		{DBAD9992-F3D4-40A3-93BE-EEE52C9B21E4} = {5E95A6E4-610B-481F-8AE0-932224E8F436}
		{D27B768F-8D46-476D-B5C9-76064D2A3F7F} = {62CB41AF-42B6-405D-9E64-B29B0D197A54}
		{14BE51C4-B651-414D-A80F-33B8484F09CA} = {62CB41AF-42B6-405D-9E64-B29B0D197A54}
		{40E28A05-C109-4611-99C1-6C1FE1DCED39} = {62CB41AF-42B6-405D-9E64-B29B0D197A54}
		{8117DA5E-A8CF-4F8D-8209-302A41FCAFD6} = {62CB41AF-42B6-405D-9E64-B29B0D197A54}
		{CA29EE16-9E88-4B00-BE07-7881AF679E03} = {62CB41AF-42B6-405D-9E64-B29B0D197A54}
	EndGlobalSection
EndGlobal
