
Microsoft Visual Studio Solution File, Format Version 12.00
# Visual Studio 15
Project("{FAE04EC0-301F-11D3-BF4B-00C04F79EFBC}") = "API", "API\API.csproj", "{908BCF75-C152-406A-9221-E409F3C27E0A}"
EndProject
Project("{FAE04EC0-301F-11D3-BF4B-00C04F79EFBC}") = "OrganizationModel", "DAL\OrganizationModel\OrganizationModel.csproj", "{021F84D4-6D9F-476E-95EF-C51A71A39848}"
EndProject
Project("{2150E333-8FDC-42A3-9474-1A3956D46DE8}") = "DAL", "DAL", "{5E95A6E4-610B-481F-8AE0-932224E8F436}"
EndProject
Project("{2150E333-8FDC-42A3-9474-1A3956D46DE8}") = "Connectors", "Connectors", "{62CB41AF-42B6-405D-9E64-B29B0D197A54}"
EndProject
Project("{FAE04EC0-301F-11D3-BF4B-00C04F79EFBC}") = "Connectors.Common", "Connectors\Connectors.Common\Connectors.Common.csproj", "{1F5B34D6-6E63-4C08-8A61-1053CDDC1D9F}"
EndProject
Project("{FAE04EC0-301F-11D3-BF4B-00C04F79EFBC}") = "Connectors.Atlassian", "Connectors\Connectors.Atlassian\Connectors.Atlassian.csproj", "{D4E0B7E3-B578-42E0-8056-234679F450AD}"
EndProject
Project("{FAE04EC0-301F-11D3-BF4B-00C04F79EFBC}") = "Auth", "Auth\Auth.csproj", "{5F840DDC-E98C-421C-81C4-EB8051750C1F}"
EndProject
Project("{FAE04EC0-301F-11D3-BF4B-00C04F79EFBC}") = "Connectors.Atlassian.Jira", "Connectors\Connectors.Atlassian.Jira\Connectors.Atlassian.Jira.csproj", "{3C3F5BBD-EA49-424A-A33F-7C2510C17EBB}"
EndProject
Project("{FAE04EC0-301F-11D3-BF4B-00C04F79EFBC}") = "Connectors.App", "Connectors\Connectors.App\Connectors.App.csproj", "{1E76F7E7-6B83-4F6B-B8D4-24C1F09A2245}"
EndProject
Project("{FAE04EC0-301F-11D3-BF4B-00C04F79EFBC}") = "Mailer", "Mailer\Mailer.csproj", "{287FAEEC-91F9-4D9F-A266-EA6A1FE74768}"
EndProject
Project("{FAE04EC0-301F-11D3-BF4B-00C04F79EFBC}") = "Common", "Common\Common.csproj", "{2B488F15-90CB-43E6-98E6-DA756978ED58}"
EndProject
Project("{FAE04EC0-301F-11D3-BF4B-00C04F79EFBC}") = "Services", "Services\Services.csproj", "{7E403787-320C-417B-BDC2-DE3B42DD4CA1}"
EndProject
Project("{FAE04EC0-301F-11D3-BF4B-00C04F79EFBC}") = "ReportsTester", "ReportsTester\ReportsTester.csproj", "{F9544F9C-4318-49EC-A744-D9B73C167862}"
EndProject
Project("{FAE04EC0-301F-11D3-BF4B-00C04F79EFBC}") = "CatalogModel", "DAL\CatalogModel\CatalogModel.csproj", "{03F4D000-D6A4-4FC9-99C1-EE4F3675FFBC}"
EndProject
Project("{FAE04EC0-301F-11D3-BF4B-00C04F79EFBC}") = "SyncServices", "SyncServices\SyncServices.csproj", "{9D8D7E29-BB2C-4B2E-B187-0D08464CBD58}"
EndProject
Project("{FAE04EC0-301F-11D3-BF4B-00C04F79EFBC}") = "Imager", "Imager\Imager.csproj", "{B0682D4B-FA6B-4DF1-A360-8B298DB94536}"
EndProject
Global
	GlobalSection(SolutionConfigurationPlatforms) = preSolution
		Debug|Any CPU = Debug|Any CPU
		Release|Any CPU = Release|Any CPU
	EndGlobalSection
	GlobalSection(ProjectConfigurationPlatforms) = postSolution
		{908BCF75-C152-406A-9221-E409F3C27E0A}.Debug|Any CPU.ActiveCfg = Debug|Any CPU
		{908BCF75-C152-406A-9221-E409F3C27E0A}.Debug|Any CPU.Build.0 = Debug|Any CPU
		{908BCF75-C152-406A-9221-E409F3C27E0A}.Release|Any CPU.ActiveCfg = Release|Any CPU
		{908BCF75-C152-406A-9221-E409F3C27E0A}.Release|Any CPU.Build.0 = Release|Any CPU
		{021F84D4-6D9F-476E-95EF-C51A71A39848}.Debug|Any CPU.ActiveCfg = Debug|Any CPU
		{021F84D4-6D9F-476E-95EF-C51A71A39848}.Debug|Any CPU.Build.0 = Debug|Any CPU
		{021F84D4-6D9F-476E-95EF-C51A71A39848}.Release|Any CPU.ActiveCfg = Release|Any CPU
		{021F84D4-6D9F-476E-95EF-C51A71A39848}.Release|Any CPU.Build.0 = Release|Any CPU
		{1F5B34D6-6E63-4C08-8A61-1053CDDC1D9F}.Debug|Any CPU.ActiveCfg = Debug|Any CPU
		{1F5B34D6-6E63-4C08-8A61-1053CDDC1D9F}.Debug|Any CPU.Build.0 = Debug|Any CPU
		{1F5B34D6-6E63-4C08-8A61-1053CDDC1D9F}.Release|Any CPU.ActiveCfg = Release|Any CPU
		{1F5B34D6-6E63-4C08-8A61-1053CDDC1D9F}.Release|Any CPU.Build.0 = Release|Any CPU
		{D4E0B7E3-B578-42E0-8056-234679F450AD}.Debug|Any CPU.ActiveCfg = Debug|Any CPU
		{D4E0B7E3-B578-42E0-8056-234679F450AD}.Debug|Any CPU.Build.0 = Debug|Any CPU
		{D4E0B7E3-B578-42E0-8056-234679F450AD}.Release|Any CPU.ActiveCfg = Release|Any CPU
		{D4E0B7E3-B578-42E0-8056-234679F450AD}.Release|Any CPU.Build.0 = Release|Any CPU
		{5F840DDC-E98C-421C-81C4-EB8051750C1F}.Debug|Any CPU.ActiveCfg = Debug|Any CPU
		{5F840DDC-E98C-421C-81C4-EB8051750C1F}.Debug|Any CPU.Build.0 = Debug|Any CPU
		{5F840DDC-E98C-421C-81C4-EB8051750C1F}.Release|Any CPU.ActiveCfg = Release|Any CPU
		{5F840DDC-E98C-421C-81C4-EB8051750C1F}.Release|Any CPU.Build.0 = Release|Any CPU
		{3C3F5BBD-EA49-424A-A33F-7C2510C17EBB}.Debug|Any CPU.ActiveCfg = Debug|Any CPU
		{3C3F5BBD-EA49-424A-A33F-7C2510C17EBB}.Debug|Any CPU.Build.0 = Debug|Any CPU
		{3C3F5BBD-EA49-424A-A33F-7C2510C17EBB}.Release|Any CPU.ActiveCfg = Release|Any CPU
		{3C3F5BBD-EA49-424A-A33F-7C2510C17EBB}.Release|Any CPU.Build.0 = Release|Any CPU
		{1E76F7E7-6B83-4F6B-B8D4-24C1F09A2245}.Debug|Any CPU.ActiveCfg = Debug|Any CPU
		{1E76F7E7-6B83-4F6B-B8D4-24C1F09A2245}.Debug|Any CPU.Build.0 = Debug|Any CPU
		{1E76F7E7-6B83-4F6B-B8D4-24C1F09A2245}.Release|Any CPU.ActiveCfg = Release|Any CPU
		{1E76F7E7-6B83-4F6B-B8D4-24C1F09A2245}.Release|Any CPU.Build.0 = Release|Any CPU
		{287FAEEC-91F9-4D9F-A266-EA6A1FE74768}.Debug|Any CPU.ActiveCfg = Debug|Any CPU
		{287FAEEC-91F9-4D9F-A266-EA6A1FE74768}.Debug|Any CPU.Build.0 = Debug|Any CPU
		{287FAEEC-91F9-4D9F-A266-EA6A1FE74768}.Release|Any CPU.ActiveCfg = Release|Any CPU
		{287FAEEC-91F9-4D9F-A266-EA6A1FE74768}.Release|Any CPU.Build.0 = Release|Any CPU
		{2B488F15-90CB-43E6-98E6-DA756978ED58}.Debug|Any CPU.ActiveCfg = Debug|Any CPU
		{2B488F15-90CB-43E6-98E6-DA756978ED58}.Debug|Any CPU.Build.0 = Debug|Any CPU
		{2B488F15-90CB-43E6-98E6-DA756978ED58}.Release|Any CPU.ActiveCfg = Release|Any CPU
		{2B488F15-90CB-43E6-98E6-DA756978ED58}.Release|Any CPU.Build.0 = Release|Any CPU
		{7E403787-320C-417B-BDC2-DE3B42DD4CA1}.Debug|Any CPU.ActiveCfg = Debug|Any CPU
		{7E403787-320C-417B-BDC2-DE3B42DD4CA1}.Debug|Any CPU.Build.0 = Debug|Any CPU
		{7E403787-320C-417B-BDC2-DE3B42DD4CA1}.Release|Any CPU.ActiveCfg = Release|Any CPU
		{7E403787-320C-417B-BDC2-DE3B42DD4CA1}.Release|Any CPU.Build.0 = Release|Any CPU
		{F9544F9C-4318-49EC-A744-D9B73C167862}.Debug|Any CPU.ActiveCfg = Debug|Any CPU
		{F9544F9C-4318-49EC-A744-D9B73C167862}.Debug|Any CPU.Build.0 = Debug|Any CPU
		{F9544F9C-4318-49EC-A744-D9B73C167862}.Release|Any CPU.ActiveCfg = Release|Any CPU
		{F9544F9C-4318-49EC-A744-D9B73C167862}.Release|Any CPU.Build.0 = Release|Any CPU
		{03F4D000-D6A4-4FC9-99C1-EE4F3675FFBC}.Debug|Any CPU.ActiveCfg = Debug|Any CPU
		{03F4D000-D6A4-4FC9-99C1-EE4F3675FFBC}.Debug|Any CPU.Build.0 = Debug|Any CPU
		{03F4D000-D6A4-4FC9-99C1-EE4F3675FFBC}.Release|Any CPU.ActiveCfg = Release|Any CPU
		{03F4D000-D6A4-4FC9-99C1-EE4F3675FFBC}.Release|Any CPU.Build.0 = Release|Any CPU
		{9D8D7E29-BB2C-4B2E-B187-0D08464CBD58}.Debug|Any CPU.ActiveCfg = Debug|Any CPU
		{9D8D7E29-BB2C-4B2E-B187-0D08464CBD58}.Debug|Any CPU.Build.0 = Debug|Any CPU
		{9D8D7E29-BB2C-4B2E-B187-0D08464CBD58}.Release|Any CPU.ActiveCfg = Release|Any CPU
		{9D8D7E29-BB2C-4B2E-B187-0D08464CBD58}.Release|Any CPU.Build.0 = Release|Any CPU
		{B0682D4B-FA6B-4DF1-A360-8B298DB94536}.Debug|Any CPU.ActiveCfg = Debug|Any CPU
		{B0682D4B-FA6B-4DF1-A360-8B298DB94536}.Debug|Any CPU.Build.0 = Debug|Any CPU
		{B0682D4B-FA6B-4DF1-A360-8B298DB94536}.Release|Any CPU.ActiveCfg = Release|Any CPU
		{B0682D4B-FA6B-4DF1-A360-8B298DB94536}.Release|Any CPU.Build.0 = Release|Any CPU
	EndGlobalSection
	GlobalSection(NestedProjects) = preSolution
		{021F84D4-6D9F-476E-95EF-C51A71A39848} = {5E95A6E4-610B-481F-8AE0-932224E8F436}
		{1F5B34D6-6E63-4C08-8A61-1053CDDC1D9F} = {62CB41AF-42B6-405D-9E64-B29B0D197A54}
		{D4E0B7E3-B578-42E0-8056-234679F450AD} = {62CB41AF-42B6-405D-9E64-B29B0D197A54}
		{3C3F5BBD-EA49-424A-A33F-7C2510C17EBB} = {62CB41AF-42B6-405D-9E64-B29B0D197A54}
		{1E76F7E7-6B83-4F6B-B8D4-24C1F09A2245} = {62CB41AF-42B6-405D-9E64-B29B0D197A54}
		{03F4D000-D6A4-4FC9-99C1-EE4F3675FFBC} = {5E95A6E4-610B-481F-8AE0-932224E8F436}
	EndGlobalSection
EndGlobal
